{
  "object": {
    "pins": [
      {
        "package": "SQLite.swift",
        "repositoryURL": "git@github.com:stephencelis/SQLite.swift.git",
        "state": {
          "branch": "master",
          "revision": "c897ce99454216dc33caae5d57a2cd021b672e03",
          "version": null
        }
      }
    ]
  },
  "version": 1
}
